// !$*UTF8*$!
{
	archiveVersion = 1;
	classes = {
	};
	objectVersion = 56;
	objects = {

/* Begin PBXBuildFile section */
		F7A2FBB52961CDF000791F6F /* MainView.swift in Sources */ = {isa = PBXBuildFile; fileRef = F7A2FBB42961CDF000791F6F /* MainView.swift */; };
		F7A2FBB72961CE2E00791F6F /* WriteView.swift in Sources */ = {isa = PBXBuildFile; fileRef = F7A2FBB62961CE2E00791F6F /* WriteView.swift */; };
		F7BB0E7429605C980009C357 /* ToBeListApp.swift in Sources */ = {isa = PBXBuildFile; fileRef = F7BB0E7329605C980009C357 /* ToBeListApp.swift */; };
		F7BB0E7629605C980009C357 /* ContentView.swift in Sources */ = {isa = PBXBuildFile; fileRef = F7BB0E7529605C980009C357 /* ContentView.swift */; };
		F7BB0E7829605C9B0009C357 /* Assets.xcassets in Resources */ = {isa = PBXBuildFile; fileRef = F7BB0E7729605C9B0009C357 /* Assets.xcassets */; };
		F7BB0E7B29605C9B0009C357 /* Preview Assets.xcassets in Resources */ = {isa = PBXBuildFile; fileRef = F7BB0E7A29605C9B0009C357 /* Preview Assets.xcassets */; };
		F7DE7A50296865D2005EB412 /* CalenderView.swift in Sources */ = {isa = PBXBuildFile; fileRef = F7DE7A4F296865D2005EB412 /* CalenderView.swift */; };
		F7DE7A52296866AC005EB412 /* EventsCalendarView.swift in Sources */ = {isa = PBXBuildFile; fileRef = F7DE7A51296866AC005EB412 /* EventsCalendarView.swift */; };
		F7F25DC62963113D00858039 /* SignupView.swift in Sources */ = {isa = PBXBuildFile; fileRef = F7F25DC52963113D00858039 /* SignupView.swift */; };
		F7F2DB8F2961B6B90054E465 /* LoginView.swift in Sources */ = {isa = PBXBuildFile; fileRef = F7F2DB8E2961B6B90054E465 /* LoginView.swift */; };
/* End PBXBuildFile section */

/* Begin PBXFileReference section */
		F7A2FBB42961CDF000791F6F /* MainView.swift */ = {isa = PBXFileReference; lastKnownFileType = sourcecode.swift; path = MainView.swift; sourceTree = "<group>"; };
		F7A2FBB62961CE2E00791F6F /* WriteView.swift */ = {isa = PBXFileReference; lastKnownFileType = sourcecode.swift; path = WriteView.swift; sourceTree = "<group>"; };
		F7BB0E7029605C980009C357 /* ToBeList.app */ = {isa = PBXFileReference; explicitFileType = wrapper.application; includeInIndex = 0; path = ToBeList.app; sourceTree = BUILT_PRODUCTS_DIR; };
		F7BB0E7329605C980009C357 /* ToBeListApp.swift */ = {isa = PBXFileReference; lastKnownFileType = sourcecode.swift; path = ToBeListApp.swift; sourceTree = "<group>"; };
		F7BB0E7529605C980009C357 /* ContentView.swift */ = {isa = PBXFileReference; lastKnownFileType = sourcecode.swift; path = ContentView.swift; sourceTree = "<group>"; };
		F7BB0E7729605C9B0009C357 /* Assets.xcassets */ = {isa = PBXFileReference; lastKnownFileType = folder.assetcatalog; path = Assets.xcassets; sourceTree = "<group>"; };
		F7BB0E7A29605C9B0009C357 /* Preview Assets.xcassets */ = {isa = PBXFileReference; lastKnownFileType = folder.assetcatalog; path = "Preview Assets.xcassets"; sourceTree = "<group>"; };
		F7C4EC6629671588007F04FC /* Info.plist */ = {isa = PBXFileReference; lastKnownFileType = text.plist; path = Info.plist; sourceTree = "<group>"; };
		F7DE7A4F296865D2005EB412 /* CalenderView.swift */ = {isa = PBXFileReference; lastKnownFileType = sourcecode.swift; path = CalenderView.swift; sourceTree = "<group>"; };
		F7DE7A51296866AC005EB412 /* EventsCalendarView.swift */ = {isa = PBXFileReference; lastKnownFileType = sourcecode.swift; path = EventsCalendarView.swift; sourceTree = "<group>"; };
		F7F25DC52963113D00858039 /* SignupView.swift */ = {isa = PBXFileReference; lastKnownFileType = sourcecode.swift; path = SignupView.swift; sourceTree = "<group>"; };
		F7F2DB8E2961B6B90054E465 /* LoginView.swift */ = {isa = PBXFileReference; lastKnownFileType = sourcecode.swift; path = LoginView.swift; sourceTree = "<group>"; };
/* End PBXFileReference section */

/* Begin PBXFrameworksBuildPhase section */
		F7BB0E6D29605C980009C357 /* Frameworks */ = {
			isa = PBXFrameworksBuildPhase;
			buildActionMask = 2147483647;
			files = (
			);
			runOnlyForDeploymentPostprocessing = 0;
		};
/* End PBXFrameworksBuildPhase section */

/* Begin PBXGroup section */
		F7A2FBB32961CDBC00791F6F /* Login */ = {
			isa = PBXGroup;
			children = (
				F7F2DB8E2961B6B90054E465 /* LoginView.swift */,
				F7F25DC52963113D00858039 /* SignupView.swift */,
			);
			path = Login;
			sourceTree = "<group>";
		};
		F7BB0E6729605C980009C357 = {
			isa = PBXGroup;
			children = (
				F7DE7A532968709F005EB412 /* test */,
				F7BB0E7229605C980009C357 /* ToBeList */,
				F7BB0E7129605C980009C357 /* Products */,
			);
			sourceTree = "<group>";
		};
		F7BB0E7129605C980009C357 /* Products */ = {
			isa = PBXGroup;
			children = (
				F7BB0E7029605C980009C357 /* ToBeList.app */,
			);
			name = Products;
			sourceTree = "<group>";
		};
		F7BB0E7229605C980009C357 /* ToBeList */ = {
			isa = PBXGroup;
			children = (
				F7C4EC6629671588007F04FC /* Info.plist */,
				F7A2FBB32961CDBC00791F6F /* Login */,
				F7F2DB8D2961B69A0054E465 /* View */,
				F7BB0E7329605C980009C357 /* ToBeListApp.swift */,
				F7BB0E7529605C980009C357 /* ContentView.swift */,
				F7BB0E7729605C9B0009C357 /* Assets.xcassets */,
				F7BB0E7929605C9B0009C357 /* Preview Content */,
			);
			path = ToBeList;
			sourceTree = "<group>";
		};
		F7BB0E7929605C9B0009C357 /* Preview Content */ = {
			isa = PBXGroup;
			children = (
				F7BB0E7A29605C9B0009C357 /* Preview Assets.xcassets */,
			);
			path = "Preview Content";
			sourceTree = "<group>";
		};
		F7DE7A532968709F005EB412 /* test */ = {
			isa = PBXGroup;
			children = (
				F7DE7A51296866AC005EB412 /* EventsCalendarView.swift */,
				F7DE7A4F296865D2005EB412 /* CalenderView.swift */,
			);
			path = test;
			sourceTree = "<group>";
		};
		F7F2DB8D2961B69A0054E465 /* View */ = {
			isa = PBXGroup;
			children = (
				F7A2FBB42961CDF000791F6F /* MainView.swift */,
				F7A2FBB62961CE2E00791F6F /* WriteView.swift */,
			);
			path = View;
			sourceTree = "<group>";
		};
/* End PBXGroup section */

/* Begin PBXNativeTarget section */
		F7BB0E6F29605C980009C357 /* ToBeList */ = {
			isa = PBXNativeTarget;
			buildConfigurationList = F7BB0E7E29605C9B0009C357 /* Build configuration list for PBXNativeTarget "ToBeList" */;
			buildPhases = (
				F7BB0E6C29605C980009C357 /* Sources */,
				F7BB0E6D29605C980009C357 /* Frameworks */,
				F7BB0E6E29605C980009C357 /* Resources */,
			);
			buildRules = (
			);
			dependencies = (
			);
			name = ToBeList;
			productName = ToBeList;
			productReference = F7BB0E7029605C980009C357 /* ToBeList.app */;
			productType = "com.apple.product-type.application";
		};
/* End PBXNativeTarget section */

/* Begin PBXProject section */
		F7BB0E6829605C980009C357 /* Project object */ = {
			isa = PBXProject;
			attributes = {
				BuildIndependentTargetsInParallel = 1;
				LastSwiftUpdateCheck = 1400;
				LastUpgradeCheck = 1400;
				TargetAttributes = {
					F7BB0E6F29605C980009C357 = {
						CreatedOnToolsVersion = 14.0;
					};
				};
			};
			buildConfigurationList = F7BB0E6B29605C980009C357 /* Build configuration list for PBXProject "ToBeList" */;
			compatibilityVersion = "Xcode 14.0";
			developmentRegion = en;
			hasScannedForEncodings = 0;
			knownRegions = (
				en,
				Base,
				ko,
			);
			mainGroup = F7BB0E6729605C980009C357;
			productRefGroup = F7BB0E7129605C980009C357 /* Products */;
			projectDirPath = "";
			projectRoot = "";
			targets = (
				F7BB0E6F29605C980009C357 /* ToBeList */,
			);
		};
/* End PBXProject section */

/* Begin PBXResourcesBuildPhase section */
		F7BB0E6E29605C980009C357 /* Resources */ = {
			isa = PBXResourcesBuildPhase;
			buildActionMask = 2147483647;
			files = (
				F7BB0E7B29605C9B0009C357 /* Preview Assets.xcassets in Resources */,
				F7BB0E7829605C9B0009C357 /* Assets.xcassets in Resources */,
			);
			runOnlyForDeploymentPostprocessing = 0;
		};
/* End PBXResourcesBuildPhase section */

/* Begin PBXSourcesBuildPhase section */
		F7BB0E6C29605C980009C357 /* Sources */ = {
			isa = PBXSourcesBuildPhase;
			buildActionMask = 2147483647;
			files = (
				F7F25DC62963113D00858039 /* SignupView.swift in Sources */,
				F7F2DB8F2961B6B90054E465 /* LoginView.swift in Sources */,
				F7A2FBB52961CDF000791F6F /* MainView.swift in Sources */,
				F7DE7A50296865D2005EB412 /* CalenderView.swift in Sources */,
				F7A2FBB72961CE2E00791F6F /* WriteView.swift in Sources */,
				F7DE7A52296866AC005EB412 /* EventsCalendarView.swift in Sources */,
				F7BB0E7629605C980009C357 /* ContentView.swift in Sources */,
				F7BB0E7429605C980009C357 /* ToBeListApp.swift in Sources */,
			);
			runOnlyForDeploymentPostprocessing = 0;
		};
/* End PBXSourcesBuildPhase section */

/* Begin XCBuildConfiguration section */
		F7BB0E7C29605C9B0009C357 /* Debug */ = {
			isa = XCBuildConfiguration;
			buildSettings = {
				ALWAYS_SEARCH_USER_PATHS = NO;
				CLANG_ANALYZER_NONNULL = YES;
				CLANG_ANALYZER_NUMBER_OBJECT_CONVERSION = YES_AGGRESSIVE;
				CLANG_CXX_LANGUAGE_STANDARD = "gnu++20";
				CLANG_ENABLE_MODULES = YES;
				CLANG_ENABLE_OBJC_ARC = YES;
				CLANG_ENABLE_OBJC_WEAK = YES;
				CLANG_WARN_BLOCK_CAPTURE_AUTORELEASING = YES;
				CLANG_WARN_BOOL_CONVERSION = YES;
				CLANG_WARN_COMMA = YES;
				CLANG_WARN_CONSTANT_CONVERSION = YES;
				CLANG_WARN_DEPRECATED_OBJC_IMPLEMENTATIONS = YES;
				CLANG_WARN_DIRECT_OBJC_ISA_USAGE = YES_ERROR;
				CLANG_WARN_DOCUMENTATION_COMMENTS = YES;
				CLANG_WARN_EMPTY_BODY = YES;
				CLANG_WARN_ENUM_CONVERSION = YES;
				CLANG_WARN_INFINITE_RECURSION = YES;
				CLANG_WARN_INT_CONVERSION = YES;
				CLANG_WARN_NON_LITERAL_NULL_CONVERSION = YES;
				CLANG_WARN_OBJC_IMPLICIT_RETAIN_SELF = YES;
				CLANG_WARN_OBJC_LITERAL_CONVERSION = YES;
				CLANG_WARN_OBJC_ROOT_CLASS = YES_ERROR;
				CLANG_WARN_QUOTED_INCLUDE_IN_FRAMEWORK_HEADER = YES;
				CLANG_WARN_RANGE_LOOP_ANALYSIS = YES;
				CLANG_WARN_STRICT_PROTOTYPES = YES;
				CLANG_WARN_SUSPICIOUS_MOVE = YES;
				CLANG_WARN_UNGUARDED_AVAILABILITY = YES_AGGRESSIVE;
				CLANG_WARN_UNREACHABLE_CODE = YES;
				CLANG_WARN__DUPLICATE_METHOD_MATCH = YES;
				COPY_PHASE_STRIP = NO;
				DEBUG_INFORMATION_FORMAT = dwarf;
				ENABLE_STRICT_OBJC_MSGSEND = YES;
				ENABLE_TESTABILITY = YES;
				GCC_C_LANGUAGE_STANDARD = gnu11;
				GCC_DYNAMIC_NO_PIC = NO;
				GCC_NO_COMMON_BLOCKS = YES;
				GCC_OPTIMIZATION_LEVEL = 0;
				GCC_PREPROCESSOR_DEFINITIONS = (
					"DEBUG=1",
					"$(inherited)",
				);
				GCC_WARN_64_TO_32_BIT_CONVERSION = YES;
				GCC_WARN_ABOUT_RETURN_TYPE = YES_ERROR;
				GCC_WARN_UNDECLARED_SELECTOR = YES;
				GCC_WARN_UNINITIALIZED_AUTOS = YES_AGGRESSIVE;
				GCC_WARN_UNUSED_FUNCTION = YES;
				GCC_WARN_UNUSED_VARIABLE = YES;
				IPHONEOS_DEPLOYMENT_TARGET = 16.0;
				MTL_ENABLE_DEBUG_INFO = INCLUDE_SOURCE;
				MTL_FAST_MATH = YES;
				ONLY_ACTIVE_ARCH = YES;
				SDKROOT = iphoneos;
				SWIFT_ACTIVE_COMPILATION_CONDITIONS = DEBUG;
				SWIFT_OPTIMIZATION_LEVEL = "-Onone";
			};
			name = Debug;
		};
		F7BB0E7D29605C9B0009C357 /* Release */ = {
			isa = XCBuildConfiguration;
			buildSettings = {
				ALWAYS_SEARCH_USER_PATHS = NO;
				CLANG_ANALYZER_NONNULL = YES;
				CLANG_ANALYZER_NUMBER_OBJECT_CONVERSION = YES_AGGRESSIVE;
				CLANG_CXX_LANGUAGE_STANDARD = "gnu++20";
				CLANG_ENABLE_MODULES = YES;
				CLANG_ENABLE_OBJC_ARC = YES;
				CLANG_ENABLE_OBJC_WEAK = YES;
				CLANG_WARN_BLOCK_CAPTURE_AUTORELEASING = YES;
				CLANG_WARN_BOOL_CONVERSION = YES;
				CLANG_WARN_COMMA = YES;
				CLANG_WARN_CONSTANT_CONVERSION = YES;
				CLANG_WARN_DEPRECATED_OBJC_IMPLEMENTATIONS = YES;
				CLANG_WARN_DIRECT_OBJC_ISA_USAGE = YES_ERROR;
				CLANG_WARN_DOCUMENTATION_COMMENTS = YES;
				CLANG_WARN_EMPTY_BODY = YES;
				CLANG_WARN_ENUM_CONVERSION = YES;
				CLANG_WARN_INFINITE_RECURSION = YES;
				CLANG_WARN_INT_CONVERSION = YES;
				CLANG_WARN_NON_LITERAL_NULL_CONVERSION = YES;
				CLANG_WARN_OBJC_IMPLICIT_RETAIN_SELF = YES;
				CLANG_WARN_OBJC_LITERAL_CONVERSION = YES;
				CLANG_WARN_OBJC_ROOT_CLASS = YES_ERROR;
				CLANG_WARN_QUOTED_INCLUDE_IN_FRAMEWORK_HEADER = YES;
				CLANG_WARN_RANGE_LOOP_ANALYSIS = YES;
				CLANG_WARN_STRICT_PROTOTYPES = YES;
				CLANG_WARN_SUSPICIOUS_MOVE = YES;
				CLANG_WARN_UNGUARDED_AVAILABILITY = YES_AGGRESSIVE;
				CLANG_WARN_UNREACHABLE_CODE = YES;
				CLANG_WARN__DUPLICATE_METHOD_MATCH = YES;
				COPY_PHASE_STRIP = NO;
				DEBUG_INFORMATION_FORMAT = "dwarf-with-dsym";
				ENABLE_NS_ASSERTIONS = NO;
				ENABLE_STRICT_OBJC_MSGSEND = YES;
				GCC_C_LANGUAGE_STANDARD = gnu11;
				GCC_NO_COMMON_BLOCKS = YES;
				GCC_WARN_64_TO_32_BIT_CONVERSION = YES;
				GCC_WARN_ABOUT_RETURN_TYPE = YES_ERROR;
				GCC_WARN_UNDECLARED_SELECTOR = YES;
				GCC_WARN_UNINITIALIZED_AUTOS = YES_AGGRESSIVE;
				GCC_WARN_UNUSED_FUNCTION = YES;
				GCC_WARN_UNUSED_VARIABLE = YES;
				IPHONEOS_DEPLOYMENT_TARGET = 16.0;
				MTL_ENABLE_DEBUG_INFO = NO;
				MTL_FAST_MATH = YES;
				SDKROOT = iphoneos;
				SWIFT_COMPILATION_MODE = wholemodule;
				SWIFT_OPTIMIZATION_LEVEL = "-O";
				VALIDATE_PRODUCT = YES;
			};
			name = Release;
		};
		F7BB0E7F29605C9B0009C357 /* Debug */ = {
			isa = XCBuildConfiguration;
			buildSettings = {
				ASSETCATALOG_COMPILER_APPICON_NAME = AppIcon;
				ASSETCATALOG_COMPILER_GLOBAL_ACCENT_COLOR_NAME = AccentColor;
				CODE_SIGN_STYLE = Automatic;
				CURRENT_PROJECT_VERSION = 1;
				DEVELOPMENT_ASSET_PATHS = "\"ToBeList/Preview Content\"";
				DEVELOPMENT_TEAM = T9JBD726X3;
				ENABLE_PREVIEWS = YES;
				GENERATE_INFOPLIST_FILE = YES;
				INFOPLIST_FILE = ToBeList/Info.plist;
				INFOPLIST_KEY_UIApplicationSceneManifest_Generation = YES;
				INFOPLIST_KEY_UIApplicationSupportsIndirectInputEvents = YES;
				INFOPLIST_KEY_UILaunchScreen_Generation = YES;
				INFOPLIST_KEY_UISupportedInterfaceOrientations_iPad = "UIInterfaceOrientationPortrait UIInterfaceOrientationPortraitUpsideDown UIInterfaceOrientationLandscapeLeft UIInterfaceOrientationLandscapeRight";
				INFOPLIST_KEY_UISupportedInterfaceOrientations_iPhone = "UIInterfaceOrientationPortrait UIInterfaceOrientationLandscapeLeft UIInterfaceOrientationLandscapeRight";
				LD_RUNPATH_SEARCH_PATHS = (
					"$(inherited)",
					"@executable_path/Frameworks",
				);
				MARKETING_VERSION = 1.0;
				PRODUCT_BUNDLE_IDENTIFIER = jh.ToBeList;
				PRODUCT_NAME = "$(TARGET_NAME)";
				SWIFT_EMIT_LOC_STRINGS = YES;
				SWIFT_VERSION = 5.0;
				TARGETED_DEVICE_FAMILY = "1,2";
			};
			name = Debug;
		};
		F7BB0E8029605C9B0009C357 /* Release */ = {
			isa = XCBuildConfiguration;
			buildSettings = {
				ASSETCATALOG_COMPILER_APPICON_NAME = AppIcon;
				ASSETCATALOG_COMPILER_GLOBAL_ACCENT_COLOR_NAME = AccentColor;
				CODE_SIGN_STYLE = Automatic;
				CURRENT_PROJECT_VERSION = 1;
				DEVELOPMENT_ASSET_PATHS = "\"ToBeList/Preview Content\"";
				DEVELOPMENT_TEAM = T9JBD726X3;
				ENABLE_PREVIEWS = YES;
				GENERATE_INFOPLIST_FILE = YES;
				INFOPLIST_FILE = ToBeList/Info.plist;
				INFOPLIST_KEY_UIApplicationSceneManifest_Generation = YES;
				INFOPLIST_KEY_UIApplicationSupportsIndirectInputEvents = YES;
				INFOPLIST_KEY_UILaunchScreen_Generation = YES;
				INFOPLIST_KEY_UISupportedInterfaceOrientations_iPad = "UIInterfaceOrientationPortrait UIInterfaceOrientationPortraitUpsideDown UIInterfaceOrientationLandscapeLeft UIInterfaceOrientationLandscapeRight";
				INFOPLIST_KEY_UISupportedInterfaceOrientations_iPhone = "UIInterfaceOrientationPortrait UIInterfaceOrientationLandscapeLeft UIInterfaceOrientationLandscapeRight";
				LD_RUNPATH_SEARCH_PATHS = (
					"$(inherited)",
					"@executable_path/Frameworks",
				);
				MARKETING_VERSION = 1.0;
				PRODUCT_BUNDLE_IDENTIFIER = jh.ToBeList;
				PRODUCT_NAME = "$(TARGET_NAME)";
				SWIFT_EMIT_LOC_STRINGS = YES;
				SWIFT_VERSION = 5.0;
				TARGETED_DEVICE_FAMILY = "1,2";
			};
			name = Release;
		};
/* End XCBuildConfiguration section */

/* Begin XCConfigurationList section */
		F7BB0E6B29605C980009C357 /* Build configuration list for PBXProject "ToBeList" */ = {
			isa = XCConfigurationList;
			buildConfigurations = (
				F7BB0E7C29605C9B0009C357 /* Debug */,
				F7BB0E7D29605C9B0009C357 /* Release */,
			);
			defaultConfigurationIsVisible = 0;
			defaultConfigurationName = Release;
		};
		F7BB0E7E29605C9B0009C357 /* Build configuration list for PBXNativeTarget "ToBeList" */ = {
			isa = XCConfigurationList;
			buildConfigurations = (
				F7BB0E7F29605C9B0009C357 /* Debug */,
				F7BB0E8029605C9B0009C357 /* Release */,
			);
			defaultConfigurationIsVisible = 0;
			defaultConfigurationName = Release;
		};
/* End XCConfigurationList section */
	};
	rootObject = F7BB0E6829605C980009C357 /* Project object */;
}
